
Microsoft Visual Studio Solution File, Format Version 12.00
# Visual Studio Version 16
VisualStudioVersion = 16.0.29709.97
MinimumVisualStudioVersion = 10.0.40219.1
Project("{9A19103F-16F7-4668-BE54-9A1E7A4F7556}") = "ProcessFiles", "ProcessFiles\ProcessFiles.csproj", "{583801EF-7B5E-4D7C-B161-0AAA2CEDBA06}"
EndProject
Project("{9A19103F-16F7-4668-BE54-9A1E7A4F7556}") = "ProcessFilesTests", "ProcessFilesTests\ProcessFilesTests.csproj", "{CCB1403B-D886-48C9-861B-F7A83C93EDC0}"
EndProject
Global
	GlobalSection(SolutionConfigurationPlatforms) = preSolution
		Debug|Any CPU = Debug|Any CPU
		Release|Any CPU = Release|Any CPU
	EndGlobalSection
	GlobalSection(ProjectConfigurationPlatforms) = postSolution
		{583801EF-7B5E-4D7C-B161-0AAA2CEDBA06}.Debug|Any CPU.ActiveCfg = Debug|Any CPU
		{583801EF-7B5E-4D7C-B161-0AAA2CEDBA06}.Debug|Any CPU.Build.0 = Debug|Any CPU
		{583801EF-7B5E-4D7C-B161-0AAA2CEDBA06}.Release|Any CPU.ActiveCfg = Release|Any CPU
		{583801EF-7B5E-4D7C-B161-0AAA2CEDBA06}.Release|Any CPU.Build.0 = Release|Any CPU
		{CCB1403B-D886-48C9-861B-F7A83C93EDC0}.Debug|Any CPU.ActiveCfg = Debug|Any CPU
		{CCB1403B-D886-48C9-861B-F7A83C93EDC0}.Debug|Any CPU.Build.0 = Debug|Any CPU
		{CCB1403B-D886-48C9-861B-F7A83C93EDC0}.Release|Any CPU.ActiveCfg = Release|Any CPU
		{CCB1403B-D886-48C9-861B-F7A83C93EDC0}.Release|Any CPU.Build.0 = Release|Any CPU
	EndGlobalSection
	GlobalSection(SolutionProperties) = preSolution
		HideSolutionNode = FALSE
	EndGlobalSection
	GlobalSection(ExtensibilityGlobals) = postSolution
		SolutionGuid = {EF8B8C03-2C12-4161-9A35-52CBA387A234}
	EndGlobalSection
EndGlobal
